// !$*UTF8*$!
{
	archiveVersion = 1;
	classes = {
	};
	objectVersion = 56;
	objects = {

/* Begin PBXBuildFile section */
		98D325DF29F7CDB900EB3777 /* event_workshop_swiftuiApp.swift in Sources */ = {isa = PBXBuildFile; fileRef = 98D325DE29F7CDB900EB3777 /* event_workshop_swiftuiApp.swift */; };
		98D325E129F7CDB900EB3777 /* ContentView.swift in Sources */ = {isa = PBXBuildFile; fileRef = 98D325E029F7CDB900EB3777 /* ContentView.swift */; };
		98D325E329F7CDBB00EB3777 /* Assets.xcassets in Resources */ = {isa = PBXBuildFile; fileRef = 98D325E229F7CDBB00EB3777 /* Assets.xcassets */; };
		98D325E629F7CDBB00EB3777 /* Preview Assets.xcassets in Resources */ = {isa = PBXBuildFile; fileRef = 98D325E529F7CDBB00EB3777 /* Preview Assets.xcassets */; };
		98D325E829F7CDBB00EB3777 /* Persistence.swift in Sources */ = {isa = PBXBuildFile; fileRef = 98D325E729F7CDBB00EB3777 /* Persistence.swift */; };
		98D325EB29F7CDBB00EB3777 /* event_workshop_swiftui.xcdatamodeld in Sources */ = {isa = PBXBuildFile; fileRef = 98D325E929F7CDBB00EB3777 /* event_workshop_swiftui.xcdatamodeld */; };
		98D325F629F7D99800EB3777 /* HomeView.swift in Sources */ = {isa = PBXBuildFile; fileRef = 98D325F529F7D99800EB3777 /* HomeView.swift */; };
		98D325F829F7D9BA00EB3777 /* EventDetailView.swift in Sources */ = {isa = PBXBuildFile; fileRef = 98D325F729F7D9BA00EB3777 /* EventDetailView.swift */; };
		98D325FB29F7DA1600EB3777 /* Consts.swift in Sources */ = {isa = PBXBuildFile; fileRef = 98D325FA29F7DA1600EB3777 /* Consts.swift */; };
		98D325FF29F7DA6200EB3777 /* Styles.swift in Sources */ = {isa = PBXBuildFile; fileRef = 98D325FE29F7DA6200EB3777 /* Styles.swift */; };
		98D3260129F7DA9600EB3777 /* Config.swift in Sources */ = {isa = PBXBuildFile; fileRef = 98D3260029F7DA9600EB3777 /* Config.swift */; };
		98D3260929F7DD9900EB3777 /* AirbnbCereal_W_Bk.otf in Resources */ = {isa = PBXBuildFile; fileRef = 98D3260429F7DD9900EB3777 /* AirbnbCereal_W_Bk.otf */; };
		98D3260A29F7DD9900EB3777 /* AirbnbCereal_W_Md.otf in Resources */ = {isa = PBXBuildFile; fileRef = 98D3260529F7DD9900EB3777 /* AirbnbCereal_W_Md.otf */; };
		98D3260B29F7DD9900EB3777 /* AirbnbCereal_W_Bd.otf in Resources */ = {isa = PBXBuildFile; fileRef = 98D3260629F7DD9900EB3777 /* AirbnbCereal_W_Bd.otf */; };
		98D3260C29F7DD9900EB3777 /* AirbnbCereal_W_Lt.otf in Resources */ = {isa = PBXBuildFile; fileRef = 98D3260729F7DD9900EB3777 /* AirbnbCereal_W_Lt.otf */; };
		98D3260D29F7DD9900EB3777 /* AirbnbCereal_W_Blk.otf in Resources */ = {isa = PBXBuildFile; fileRef = 98D3260829F7DD9900EB3777 /* AirbnbCereal_W_Blk.otf */; };
		98D3261229F7EE7D00EB3777 /* Event.swift in Sources */ = {isa = PBXBuildFile; fileRef = 98D3261129F7EE7D00EB3777 /* Event.swift */; };
		98D3261429F8077500EB3777 /* EventItemView.swift in Sources */ = {isa = PBXBuildFile; fileRef = 98D3261329F8077500EB3777 /* EventItemView.swift */; };
		98D3261629F8263200EB3777 /* EventHitemView.swift in Sources */ = {isa = PBXBuildFile; fileRef = 98D3261529F8263200EB3777 /* EventHitemView.swift */; };
		98D3261A29F8271500EB3777 /* Performer.swift in Sources */ = {isa = PBXBuildFile; fileRef = 98D3261929F8271500EB3777 /* Performer.swift */; };
/* End PBXBuildFile section */

/* Begin PBXFileReference section */
		98D325DB29F7CDB900EB3777 /* event-workshop-swiftui.app */ = {isa = PBXFileReference; explicitFileType = wrapper.application; includeInIndex = 0; path = "event-workshop-swiftui.app"; sourceTree = BUILT_PRODUCTS_DIR; };
		98D325DE29F7CDB900EB3777 /* event_workshop_swiftuiApp.swift */ = {isa = PBXFileReference; lastKnownFileType = sourcecode.swift; path = event_workshop_swiftuiApp.swift; sourceTree = "<group>"; };
		98D325E029F7CDB900EB3777 /* ContentView.swift */ = {isa = PBXFileReference; lastKnownFileType = sourcecode.swift; path = ContentView.swift; sourceTree = "<group>"; };
		98D325E229F7CDBB00EB3777 /* Assets.xcassets */ = {isa = PBXFileReference; lastKnownFileType = folder.assetcatalog; path = Assets.xcassets; sourceTree = "<group>"; };
		98D325E529F7CDBB00EB3777 /* Preview Assets.xcassets */ = {isa = PBXFileReference; lastKnownFileType = folder.assetcatalog; path = "Preview Assets.xcassets"; sourceTree = "<group>"; };
		98D325E729F7CDBB00EB3777 /* Persistence.swift */ = {isa = PBXFileReference; lastKnownFileType = sourcecode.swift; path = Persistence.swift; sourceTree = "<group>"; };
		98D325EA29F7CDBB00EB3777 /* event_workshop_swiftui.xcdatamodel */ = {isa = PBXFileReference; lastKnownFileType = wrapper.xcdatamodel; path = event_workshop_swiftui.xcdatamodel; sourceTree = "<group>"; };
		98D325F529F7D99800EB3777 /* HomeView.swift */ = {isa = PBXFileReference; lastKnownFileType = sourcecode.swift; path = HomeView.swift; sourceTree = "<group>"; };
		98D325F729F7D9BA00EB3777 /* EventDetailView.swift */ = {isa = PBXFileReference; lastKnownFileType = sourcecode.swift; path = EventDetailView.swift; sourceTree = "<group>"; };
		98D325FA29F7DA1600EB3777 /* Consts.swift */ = {isa = PBXFileReference; lastKnownFileType = sourcecode.swift; path = Consts.swift; sourceTree = "<group>"; };
		98D325FE29F7DA6200EB3777 /* Styles.swift */ = {isa = PBXFileReference; lastKnownFileType = sourcecode.swift; path = Styles.swift; sourceTree = "<group>"; };
		98D3260029F7DA9600EB3777 /* Config.swift */ = {isa = PBXFileReference; lastKnownFileType = sourcecode.swift; path = Config.swift; sourceTree = "<group>"; };
		98D3260329F7DD4F00EB3777 /* Info.plist */ = {isa = PBXFileReference; lastKnownFileType = text.plist; path = Info.plist; sourceTree = "<group>"; };
		98D3260429F7DD9900EB3777 /* AirbnbCereal_W_Bk.otf */ = {isa = PBXFileReference; lastKnownFileType = file; name = AirbnbCereal_W_Bk.otf; path = ../../../../../Downloads/fonts/AirbnbCereal_W_Bk.otf; sourceTree = "<group>"; };
		98D3260529F7DD9900EB3777 /* AirbnbCereal_W_Md.otf */ = {isa = PBXFileReference; lastKnownFileType = file; name = AirbnbCereal_W_Md.otf; path = ../../../../../Downloads/fonts/AirbnbCereal_W_Md.otf; sourceTree = "<group>"; };
		98D3260629F7DD9900EB3777 /* AirbnbCereal_W_Bd.otf */ = {isa = PBXFileReference; lastKnownFileType = file; name = AirbnbCereal_W_Bd.otf; path = ../../../../../Downloads/fonts/AirbnbCereal_W_Bd.otf; sourceTree = "<group>"; };
		98D3260729F7DD9900EB3777 /* AirbnbCereal_W_Lt.otf */ = {isa = PBXFileReference; lastKnownFileType = file; name = AirbnbCereal_W_Lt.otf; path = ../../../../../Downloads/fonts/AirbnbCereal_W_Lt.otf; sourceTree = "<group>"; };
		98D3260829F7DD9900EB3777 /* AirbnbCereal_W_Blk.otf */ = {isa = PBXFileReference; lastKnownFileType = file; name = AirbnbCereal_W_Blk.otf; path = ../../../../../Downloads/fonts/AirbnbCereal_W_Blk.otf; sourceTree = "<group>"; };
		98D3261129F7EE7D00EB3777 /* Event.swift */ = {isa = PBXFileReference; lastKnownFileType = sourcecode.swift; path = Event.swift; sourceTree = "<group>"; };
		98D3261329F8077500EB3777 /* EventItemView.swift */ = {isa = PBXFileReference; lastKnownFileType = sourcecode.swift; path = EventItemView.swift; sourceTree = "<group>"; };
		98D3261529F8263200EB3777 /* EventHitemView.swift */ = {isa = PBXFileReference; lastKnownFileType = sourcecode.swift; path = EventHitemView.swift; sourceTree = "<group>"; };
		98D3261929F8271500EB3777 /* Performer.swift */ = {isa = PBXFileReference; lastKnownFileType = sourcecode.swift; path = Performer.swift; sourceTree = "<group>"; };
/* End PBXFileReference section */

/* Begin PBXFrameworksBuildPhase section */
		98D325D829F7CDB900EB3777 /* Frameworks */ = {
			isa = PBXFrameworksBuildPhase;
			buildActionMask = 2147483647;
			files = (
			);
			runOnlyForDeploymentPostprocessing = 0;
		};
/* End PBXFrameworksBuildPhase section */

/* Begin PBXGroup section */
		98D325D229F7CDB900EB3777 = {
			isa = PBXGroup;
			children = (
				98D325DD29F7CDB900EB3777 /* event-workshop-swiftui */,
				98D325DC29F7CDB900EB3777 /* Products */,
			);
			sourceTree = "<group>";
		};
		98D325DC29F7CDB900EB3777 /* Products */ = {
			isa = PBXGroup;
			children = (
				98D325DB29F7CDB900EB3777 /* event-workshop-swiftui.app */,
			);
			name = Products;
			sourceTree = "<group>";
		};
		98D325DD29F7CDB900EB3777 /* event-workshop-swiftui */ = {
			isa = PBXGroup;
			children = (
				98D3260329F7DD4F00EB3777 /* Info.plist */,
				98D3260229F7DCAB00EB3777 /* fonts */,
				98D325F929F7D9EB00EB3777 /* Utils */,
				98D325F429F7D5F400EB3777 /* ViewModels */,
				98D325F329F7D5E200EB3777 /* Model */,
				98D325F229F7D5CE00EB3777 /* view */,
				98D325F129F7D59B00EB3777 /* data */,
				98D325DE29F7CDB900EB3777 /* event_workshop_swiftuiApp.swift */,
				98D325E029F7CDB900EB3777 /* ContentView.swift */,
				98D325E229F7CDBB00EB3777 /* Assets.xcassets */,
				98D325E729F7CDBB00EB3777 /* Persistence.swift */,
				98D325E929F7CDBB00EB3777 /* event_workshop_swiftui.xcdatamodeld */,
				98D325E429F7CDBB00EB3777 /* Preview Content */,
			);
			path = "event-workshop-swiftui";
			sourceTree = "<group>";
		};
		98D325E429F7CDBB00EB3777 /* Preview Content */ = {
			isa = PBXGroup;
			children = (
				98D325E529F7CDBB00EB3777 /* Preview Assets.xcassets */,
			);
			path = "Preview Content";
			sourceTree = "<group>";
		};
		98D325F129F7D59B00EB3777 /* data */ = {
			isa = PBXGroup;
			children = (
			);
			path = data;
			sourceTree = "<group>";
		};
		98D325F229F7D5CE00EB3777 /* view */ = {
			isa = PBXGroup;
			children = (
				98D3260E29F7DF5B00EB3777 /* widgets */,
			);
			path = view;
			sourceTree = "<group>";
		};
		98D325F329F7D5E200EB3777 /* Model */ = {
			isa = PBXGroup;
			children = (
				98D3261129F7EE7D00EB3777 /* Event.swift */,
				98D3261929F8271500EB3777 /* Performer.swift */,
			);
			path = Model;
			sourceTree = "<group>";
		};
		98D325F429F7D5F400EB3777 /* ViewModels */ = {
			isa = PBXGroup;
			children = (
			);
			path = ViewModels;
			sourceTree = "<group>";
		};
		98D325F929F7D9EB00EB3777 /* Utils */ = {
			isa = PBXGroup;
			children = (
				98D325FA29F7DA1600EB3777 /* Consts.swift */,
				98D325FE29F7DA6200EB3777 /* Styles.swift */,
				98D3260029F7DA9600EB3777 /* Config.swift */,
			);
			path = Utils;
			sourceTree = "<group>";
		};
		98D3260229F7DCAB00EB3777 /* fonts */ = {
			isa = PBXGroup;
			children = (
				98D3260629F7DD9900EB3777 /* AirbnbCereal_W_Bd.otf */,
				98D3260429F7DD9900EB3777 /* AirbnbCereal_W_Bk.otf */,
				98D3260829F7DD9900EB3777 /* AirbnbCereal_W_Blk.otf */,
				98D3260729F7DD9900EB3777 /* AirbnbCereal_W_Lt.otf */,
				98D3260529F7DD9900EB3777 /* AirbnbCereal_W_Md.otf */,
			);
			path = fonts;
			sourceTree = "<group>";
		};
		98D3260E29F7DF5B00EB3777 /* widgets */ = {
			isa = PBXGroup;
			children = (
				98D325F729F7D9BA00EB3777 /* EventDetailView.swift */,
				98D325F529F7D99800EB3777 /* HomeView.swift */,
				98D3261329F8077500EB3777 /* EventItemView.swift */,
				98D3261529F8263200EB3777 /* EventHitemView.swift */,
			);
			path = widgets;
			sourceTree = "<group>";
		};
/* End PBXGroup section */

/* Begin PBXNativeTarget section */
		98D325DA29F7CDB900EB3777 /* event-workshop-swiftui */ = {
			isa = PBXNativeTarget;
			buildConfigurationList = 98D325EE29F7CDBB00EB3777 /* Build configuration list for PBXNativeTarget "event-workshop-swiftui" */;
			buildPhases = (
				98D325D729F7CDB900EB3777 /* Sources */,
				98D325D829F7CDB900EB3777 /* Frameworks */,
				98D325D929F7CDB900EB3777 /* Resources */,
			);
			buildRules = (
			);
			dependencies = (
			);
			name = "event-workshop-swiftui";
			productName = "event-workshop-swiftui";
			productReference = 98D325DB29F7CDB900EB3777 /* event-workshop-swiftui.app */;
			productType = "com.apple.product-type.application";
		};
/* End PBXNativeTarget section */

/* Begin PBXProject section */
		98D325D329F7CDB900EB3777 /* Project object */ = {
			isa = PBXProject;
			attributes = {
				BuildIndependentTargetsInParallel = 1;
				LastSwiftUpdateCheck = 1430;
				LastUpgradeCheck = 1430;
				TargetAttributes = {
					98D325DA29F7CDB900EB3777 = {
						CreatedOnToolsVersion = 14.3;
					};
				};
			};
			buildConfigurationList = 98D325D629F7CDB900EB3777 /* Build configuration list for PBXProject "event-workshop-swiftui" */;
			compatibilityVersion = "Xcode 14.0";
			developmentRegion = en;
			hasScannedForEncodings = 0;
			knownRegions = (
				en,
				Base,
			);
			mainGroup = 98D325D229F7CDB900EB3777;
			productRefGroup = 98D325DC29F7CDB900EB3777 /* Products */;
			projectDirPath = "";
			projectRoot = "";
			targets = (
				98D325DA29F7CDB900EB3777 /* event-workshop-swiftui */,
			);
		};
/* End PBXProject section */

/* Begin PBXResourcesBuildPhase section */
		98D325D929F7CDB900EB3777 /* Resources */ = {
			isa = PBXResourcesBuildPhase;
			buildActionMask = 2147483647;
			files = (
				98D3260A29F7DD9900EB3777 /* AirbnbCereal_W_Md.otf in Resources */,
				98D3260929F7DD9900EB3777 /* AirbnbCereal_W_Bk.otf in Resources */,
				98D325E629F7CDBB00EB3777 /* Preview Assets.xcassets in Resources */,
				98D3260D29F7DD9900EB3777 /* AirbnbCereal_W_Blk.otf in Resources */,
				98D3260C29F7DD9900EB3777 /* AirbnbCereal_W_Lt.otf in Resources */,
				98D325E329F7CDBB00EB3777 /* Assets.xcassets in Resources */,
				98D3260B29F7DD9900EB3777 /* AirbnbCereal_W_Bd.otf in Resources */,
			);
			runOnlyForDeploymentPostprocessing = 0;
		};
/* End PBXResourcesBuildPhase section */

/* Begin PBXSourcesBuildPhase section */
		98D325D729F7CDB900EB3777 /* Sources */ = {
			isa = PBXSourcesBuildPhase;
			buildActionMask = 2147483647;
			files = (
				98D325E829F7CDBB00EB3777 /* Persistence.swift in Sources */,
				98D3261229F7EE7D00EB3777 /* Event.swift in Sources */,
				98D325E129F7CDB900EB3777 /* ContentView.swift in Sources */,
				98D3260129F7DA9600EB3777 /* Config.swift in Sources */,
				98D325F829F7D9BA00EB3777 /* EventDetailView.swift in Sources */,
				98D3261429F8077500EB3777 /* EventItemView.swift in Sources */,
				98D325FF29F7DA6200EB3777 /* Styles.swift in Sources */,
				98D325DF29F7CDB900EB3777 /* event_workshop_swiftuiApp.swift in Sources */,
				98D325FB29F7DA1600EB3777 /* Consts.swift in Sources */,
				98D325F629F7D99800EB3777 /* HomeView.swift in Sources */,
				98D325EB29F7CDBB00EB3777 /* event_workshop_swiftui.xcdatamodeld in Sources */,
				98D3261A29F8271500EB3777 /* Performer.swift in Sources */,
				98D3261629F8263200EB3777 /* EventHitemView.swift in Sources */,
			);
			runOnlyForDeploymentPostprocessing = 0;
		};
/* End PBXSourcesBuildPhase section */

/* Begin XCBuildConfiguration section */
		98D325EC29F7CDBB00EB3777 /* Debug */ = {
			isa = XCBuildConfiguration;
			buildSettings = {
				ALWAYS_SEARCH_USER_PATHS = NO;
				CLANG_ANALYZER_NONNULL = YES;
				CLANG_ANALYZER_NUMBER_OBJECT_CONVERSION = YES_AGGRESSIVE;
				CLANG_CXX_LANGUAGE_STANDARD = "gnu++20";
				CLANG_ENABLE_MODULES = YES;
				CLANG_ENABLE_OBJC_ARC = YES;
				CLANG_ENABLE_OBJC_WEAK = YES;
				CLANG_WARN_BLOCK_CAPTURE_AUTORELEASING = YES;
				CLANG_WARN_BOOL_CONVERSION = YES;
				CLANG_WARN_COMMA = YES;
				CLANG_WARN_CONSTANT_CONVERSION = YES;
				CLANG_WARN_DEPRECATED_OBJC_IMPLEMENTATIONS = YES;
				CLANG_WARN_DIRECT_OBJC_ISA_USAGE = YES_ERROR;
				CLANG_WARN_DOCUMENTATION_COMMENTS = YES;
				CLANG_WARN_EMPTY_BODY = YES;
				CLANG_WARN_ENUM_CONVERSION = YES;
				CLANG_WARN_INFINITE_RECURSION = YES;
				CLANG_WARN_INT_CONVERSION = YES;
				CLANG_WARN_NON_LITERAL_NULL_CONVERSION = YES;
				CLANG_WARN_OBJC_IMPLICIT_RETAIN_SELF = YES;
				CLANG_WARN_OBJC_LITERAL_CONVERSION = YES;
				CLANG_WARN_OBJC_ROOT_CLASS = YES_ERROR;
				CLANG_WARN_QUOTED_INCLUDE_IN_FRAMEWORK_HEADER = YES;
				CLANG_WARN_RANGE_LOOP_ANALYSIS = YES;
				CLANG_WARN_STRICT_PROTOTYPES = YES;
				CLANG_WARN_SUSPICIOUS_MOVE = YES;
				CLANG_WARN_UNGUARDED_AVAILABILITY = YES_AGGRESSIVE;
				CLANG_WARN_UNREACHABLE_CODE = YES;
				CLANG_WARN__DUPLICATE_METHOD_MATCH = YES;
				COPY_PHASE_STRIP = NO;
				DEBUG_INFORMATION_FORMAT = dwarf;
				ENABLE_STRICT_OBJC_MSGSEND = YES;
				ENABLE_TESTABILITY = YES;
				GCC_C_LANGUAGE_STANDARD = gnu11;
				GCC_DYNAMIC_NO_PIC = NO;
				GCC_NO_COMMON_BLOCKS = YES;
				GCC_OPTIMIZATION_LEVEL = 0;
				GCC_PREPROCESSOR_DEFINITIONS = (
					"DEBUG=1",
					"$(inherited)",
				);
				GCC_WARN_64_TO_32_BIT_CONVERSION = YES;
				GCC_WARN_ABOUT_RETURN_TYPE = YES_ERROR;
				GCC_WARN_UNDECLARED_SELECTOR = YES;
				GCC_WARN_UNINITIALIZED_AUTOS = YES_AGGRESSIVE;
				GCC_WARN_UNUSED_FUNCTION = YES;
				GCC_WARN_UNUSED_VARIABLE = YES;
				IPHONEOS_DEPLOYMENT_TARGET = 16.4;
				MTL_ENABLE_DEBUG_INFO = INCLUDE_SOURCE;
				MTL_FAST_MATH = YES;
				ONLY_ACTIVE_ARCH = YES;
				SDKROOT = iphoneos;
				SWIFT_ACTIVE_COMPILATION_CONDITIONS = DEBUG;
				SWIFT_OPTIMIZATION_LEVEL = "-Onone";
			};
			name = Debug;
		};
		98D325ED29F7CDBB00EB3777 /* Release */ = {
			isa = XCBuildConfiguration;
			buildSettings = {
				ALWAYS_SEARCH_USER_PATHS = NO;
				CLANG_ANALYZER_NONNULL = YES;
				CLANG_ANALYZER_NUMBER_OBJECT_CONVERSION = YES_AGGRESSIVE;
				CLANG_CXX_LANGUAGE_STANDARD = "gnu++20";
				CLANG_ENABLE_MODULES = YES;
				CLANG_ENABLE_OBJC_ARC = YES;
				CLANG_ENABLE_OBJC_WEAK = YES;
				CLANG_WARN_BLOCK_CAPTURE_AUTORELEASING = YES;
				CLANG_WARN_BOOL_CONVERSION = YES;
				CLANG_WARN_COMMA = YES;
				CLANG_WARN_CONSTANT_CONVERSION = YES;
				CLANG_WARN_DEPRECATED_OBJC_IMPLEMENTATIONS = YES;
				CLANG_WARN_DIRECT_OBJC_ISA_USAGE = YES_ERROR;
				CLANG_WARN_DOCUMENTATION_COMMENTS = YES;
				CLANG_WARN_EMPTY_BODY = YES;
				CLANG_WARN_ENUM_CONVERSION = YES;
				CLANG_WARN_INFINITE_RECURSION = YES;
				CLANG_WARN_INT_CONVERSION = YES;
				CLANG_WARN_NON_LITERAL_NULL_CONVERSION = YES;
				CLANG_WARN_OBJC_IMPLICIT_RETAIN_SELF = YES;
				CLANG_WARN_OBJC_LITERAL_CONVERSION = YES;
				CLANG_WARN_OBJC_ROOT_CLASS = YES_ERROR;
				CLANG_WARN_QUOTED_INCLUDE_IN_FRAMEWORK_HEADER = YES;
				CLANG_WARN_RANGE_LOOP_ANALYSIS = YES;
				CLANG_WARN_STRICT_PROTOTYPES = YES;
				CLANG_WARN_SUSPICIOUS_MOVE = YES;
				CLANG_WARN_UNGUARDED_AVAILABILITY = YES_AGGRESSIVE;
				CLANG_WARN_UNREACHABLE_CODE = YES;
				CLANG_WARN__DUPLICATE_METHOD_MATCH = YES;
				COPY_PHASE_STRIP = NO;
				DEBUG_INFORMATION_FORMAT = "dwarf-with-dsym";
				ENABLE_NS_ASSERTIONS = NO;
				ENABLE_STRICT_OBJC_MSGSEND = YES;
				GCC_C_LANGUAGE_STANDARD = gnu11;
				GCC_NO_COMMON_BLOCKS = YES;
				GCC_WARN_64_TO_32_BIT_CONVERSION = YES;
				GCC_WARN_ABOUT_RETURN_TYPE = YES_ERROR;
				GCC_WARN_UNDECLARED_SELECTOR = YES;
				GCC_WARN_UNINITIALIZED_AUTOS = YES_AGGRESSIVE;
				GCC_WARN_UNUSED_FUNCTION = YES;
				GCC_WARN_UNUSED_VARIABLE = YES;
				IPHONEOS_DEPLOYMENT_TARGET = 16.4;
				MTL_ENABLE_DEBUG_INFO = NO;
				MTL_FAST_MATH = YES;
				SDKROOT = iphoneos;
				SWIFT_COMPILATION_MODE = wholemodule;
				SWIFT_OPTIMIZATION_LEVEL = "-O";
				VALIDATE_PRODUCT = YES;
			};
			name = Release;
		};
		98D325EF29F7CDBB00EB3777 /* Debug */ = {
			isa = XCBuildConfiguration;
			buildSettings = {
				ASSETCATALOG_COMPILER_APPICON_NAME = AppIcon;
				ASSETCATALOG_COMPILER_GLOBAL_ACCENT_COLOR_NAME = AccentColor;
				CODE_SIGN_STYLE = Automatic;
				CURRENT_PROJECT_VERSION = 1;
				DEVELOPMENT_ASSET_PATHS = "\"event-workshop-swiftui/Preview Content\"";
				ENABLE_PREVIEWS = YES;
				GENERATE_INFOPLIST_FILE = YES;
				INFOPLIST_FILE = "event-workshop-swiftui/Info.plist";
				INFOPLIST_KEY_CFBundleDisplayName = "";
				INFOPLIST_KEY_LSApplicationCategoryType = "";
				INFOPLIST_KEY_UIApplicationSceneManifest_Generation = YES;
				INFOPLIST_KEY_UIApplicationSupportsIndirectInputEvents = YES;
				INFOPLIST_KEY_UILaunchScreen_Generation = YES;
				INFOPLIST_KEY_UISupportedInterfaceOrientations_iPad = "UIInterfaceOrientationPortrait UIInterfaceOrientationPortraitUpsideDown UIInterfaceOrientationLandscapeLeft UIInterfaceOrientationLandscapeRight";
				INFOPLIST_KEY_UISupportedInterfaceOrientations_iPhone = "UIInterfaceOrientationPortrait UIInterfaceOrientationLandscapeLeft UIInterfaceOrientationLandscapeRight";
				LD_RUNPATH_SEARCH_PATHS = (
					"$(inherited)",
					"@executable_path/Frameworks",
				);
				MARKETING_VERSION = 1.0;
				PRODUCT_BUNDLE_IDENTIFIER = "com.testmpdam.event-workshop-swiftui";
				PRODUCT_NAME = "$(TARGET_NAME)";
				SWIFT_EMIT_LOC_STRINGS = YES;
				SWIFT_VERSION = 5.0;
				TARGETED_DEVICE_FAMILY = "1,2";
			};
			name = Debug;
		};
		98D325F029F7CDBB00EB3777 /* Release */ = {
			isa = XCBuildConfiguration;
			buildSettings = {
				ASSETCATALOG_COMPILER_APPICON_NAME = AppIcon;
				ASSETCATALOG_COMPILER_GLOBAL_ACCENT_COLOR_NAME = AccentColor;
				CODE_SIGN_STYLE = Automatic;
				CURRENT_PROJECT_VERSION = 1;
				DEVELOPMENT_ASSET_PATHS = "\"event-workshop-swiftui/Preview Content\"";
				ENABLE_PREVIEWS = YES;
				GENERATE_INFOPLIST_FILE = YES;
				INFOPLIST_FILE = "event-workshop-swiftui/Info.plist";
				INFOPLIST_KEY_CFBundleDisplayName = "";
				INFOPLIST_KEY_LSApplicationCategoryType = "";
				INFOPLIST_KEY_UIApplicationSceneManifest_Generation = YES;
				INFOPLIST_KEY_UIApplicationSupportsIndirectInputEvents = YES;
				INFOPLIST_KEY_UILaunchScreen_Generation = YES;
				INFOPLIST_KEY_UISupportedInterfaceOrientations_iPad = "UIInterfaceOrientationPortrait UIInterfaceOrientationPortraitUpsideDown UIInterfaceOrientationLandscapeLeft UIInterfaceOrientationLandscapeRight";
				INFOPLIST_KEY_UISupportedInterfaceOrientations_iPhone = "UIInterfaceOrientationPortrait UIInterfaceOrientationLandscapeLeft UIInterfaceOrientationLandscapeRight";
				LD_RUNPATH_SEARCH_PATHS = (
					"$(inherited)",
					"@executable_path/Frameworks",
				);
				MARKETING_VERSION = 1.0;
				PRODUCT_BUNDLE_IDENTIFIER = "com.testmpdam.event-workshop-swiftui";
				PRODUCT_NAME = "$(TARGET_NAME)";
				SWIFT_EMIT_LOC_STRINGS = YES;
				SWIFT_VERSION = 5.0;
				TARGETED_DEVICE_FAMILY = "1,2";
			};
			name = Release;
		};
/* End XCBuildConfiguration section */

/* Begin XCConfigurationList section */
		98D325D629F7CDB900EB3777 /* Build configuration list for PBXProject "event-workshop-swiftui" */ = {
			isa = XCConfigurationList;
			buildConfigurations = (
				98D325EC29F7CDBB00EB3777 /* Debug */,
				98D325ED29F7CDBB00EB3777 /* Release */,
			);
			defaultConfigurationIsVisible = 0;
			defaultConfigurationName = Release;
		};
		98D325EE29F7CDBB00EB3777 /* Build configuration list for PBXNativeTarget "event-workshop-swiftui" */ = {
			isa = XCConfigurationList;
			buildConfigurations = (
				98D325EF29F7CDBB00EB3777 /* Debug */,
				98D325F029F7CDBB00EB3777 /* Release */,
			);
			defaultConfigurationIsVisible = 0;
			defaultConfigurationName = Release;
		};
/* End XCConfigurationList section */

/* Begin XCVersionGroup section */
		98D325E929F7CDBB00EB3777 /* event_workshop_swiftui.xcdatamodeld */ = {
			isa = XCVersionGroup;
			children = (
				98D325EA29F7CDBB00EB3777 /* event_workshop_swiftui.xcdatamodel */,
			);
			currentVersion = 98D325EA29F7CDBB00EB3777 /* event_workshop_swiftui.xcdatamodel */;
			path = event_workshop_swiftui.xcdatamodeld;
			sourceTree = "<group>";
			versionGroupType = wrapper.xcdatamodel;
		};
/* End XCVersionGroup section */
	};
	rootObject = 98D325D329F7CDB900EB3777 /* Project object */;
}
